
Microsoft Visual Studio Solution File, Format Version 12.00
# Visual Studio 15
VisualStudioVersion = 15.0.26124.0
MinimumVisualStudioVersion = 15.0.26124.0
Project("{2150E333-8FDC-42A3-9474-1A3956D46DE8}") = "src", "src", "{2C6C7DFC-790E-46FE-BCF1-9522D2321EBC}"
EndProject
Project("{FAE04EC0-301F-11D3-BF4B-00C04F79EFBC}") = "ALo.Addresses.FiasUpdater", "src\ALo.Addresses.FiasUpdater\ALo.Addresses.FiasUpdater.csproj", "{4F709FED-EBC7-4F45-BA08-FDB5FF69D301}"
EndProject
Project("{FAE04EC0-301F-11D3-BF4B-00C04F79EFBC}") = "ALo.Addresses.Data", "src\ALo.Addresses.Data\ALo.Addresses.Data.csproj", "{104EB70C-5458-47B5-B30E-E7A84FDA404E}"
EndProject
Global
	GlobalSection(SolutionConfigurationPlatforms) = preSolution
		Debug|Any CPU = Debug|Any CPU
		Debug|x64 = Debug|x64
		Debug|x86 = Debug|x86
		Release|Any CPU = Release|Any CPU
		Release|x64 = Release|x64
		Release|x86 = Release|x86
	EndGlobalSection
	GlobalSection(SolutionProperties) = preSolution
		HideSolutionNode = FALSE
	EndGlobalSection
	GlobalSection(ProjectConfigurationPlatforms) = postSolution
		{4F709FED-EBC7-4F45-BA08-FDB5FF69D301}.Debug|Any CPU.ActiveCfg = Debug|Any CPU
		{4F709FED-EBC7-4F45-BA08-FDB5FF69D301}.Debug|Any CPU.Build.0 = Debug|Any CPU
		{4F709FED-EBC7-4F45-BA08-FDB5FF69D301}.Debug|x64.ActiveCfg = Debug|Any CPU
		{4F709FED-EBC7-4F45-BA08-FDB5FF69D301}.Debug|x64.Build.0 = Debug|Any CPU
		{4F709FED-EBC7-4F45-BA08-FDB5FF69D301}.Debug|x86.ActiveCfg = Debug|Any CPU
		{4F709FED-EBC7-4F45-BA08-FDB5FF69D301}.Debug|x86.Build.0 = Debug|Any CPU
		{4F709FED-EBC7-4F45-BA08-FDB5FF69D301}.Release|Any CPU.ActiveCfg = Release|Any CPU
		{4F709FED-EBC7-4F45-BA08-FDB5FF69D301}.Release|Any CPU.Build.0 = Release|Any CPU
		{4F709FED-EBC7-4F45-BA08-FDB5FF69D301}.Release|x64.ActiveCfg = Release|Any CPU
		{4F709FED-EBC7-4F45-BA08-FDB5FF69D301}.Release|x64.Build.0 = Release|Any CPU
		{4F709FED-EBC7-4F45-BA08-FDB5FF69D301}.Release|x86.ActiveCfg = Release|Any CPU
		{4F709FED-EBC7-4F45-BA08-FDB5FF69D301}.Release|x86.Build.0 = Release|Any CPU
		{104EB70C-5458-47B5-B30E-E7A84FDA404E}.Debug|Any CPU.ActiveCfg = Debug|Any CPU
		{104EB70C-5458-47B5-B30E-E7A84FDA404E}.Debug|Any CPU.Build.0 = Debug|Any CPU
		{104EB70C-5458-47B5-B30E-E7A84FDA404E}.Debug|x64.ActiveCfg = Debug|Any CPU
		{104EB70C-5458-47B5-B30E-E7A84FDA404E}.Debug|x64.Build.0 = Debug|Any CPU
		{104EB70C-5458-47B5-B30E-E7A84FDA404E}.Debug|x86.ActiveCfg = Debug|Any CPU
		{104EB70C-5458-47B5-B30E-E7A84FDA404E}.Debug|x86.Build.0 = Debug|Any CPU
		{104EB70C-5458-47B5-B30E-E7A84FDA404E}.Release|Any CPU.ActiveCfg = Release|Any CPU
		{104EB70C-5458-47B5-B30E-E7A84FDA404E}.Release|Any CPU.Build.0 = Release|Any CPU
		{104EB70C-5458-47B5-B30E-E7A84FDA404E}.Release|x64.ActiveCfg = Release|Any CPU
		{104EB70C-5458-47B5-B30E-E7A84FDA404E}.Release|x64.Build.0 = Release|Any CPU
		{104EB70C-5458-47B5-B30E-E7A84FDA404E}.Release|x86.ActiveCfg = Release|Any CPU
		{104EB70C-5458-47B5-B30E-E7A84FDA404E}.Release|x86.Build.0 = Release|Any CPU
	EndGlobalSection
	GlobalSection(NestedProjects) = preSolution
		{4F709FED-EBC7-4F45-BA08-FDB5FF69D301} = {2C6C7DFC-790E-46FE-BCF1-9522D2321EBC}
		{104EB70C-5458-47B5-B30E-E7A84FDA404E} = {2C6C7DFC-790E-46FE-BCF1-9522D2321EBC}
	EndGlobalSection
EndGlobal
